Microsoft Visual Studio Solution File, Format Version 12.00
# Visual Studio Version 16
VisualStudioVersion = 16.0.31129.286
MinimumVisualStudioVersion = 10.0.40219.1
Project("{FAE04EC0-301F-11D3-BF4B-00C04F79EFBC}") = "LibPoderosaExample", "LibPoderosaExample\LibPoderosaExample.csproj", "{668F4F03-ED87-4616-B25B-E4863D5946BB}"
	ProjectSection(ProjectDependencies) = postProject
		{9CFCBFF0-DE8A-40B7-A390-B97B153AB160} = {9CFCBFF0-DE8A-40B7-A390-B97B153AB160}
	EndProjectSection
EndProject
Project("{FAE04EC0-301F-11D3-BF4B-00C04F79EFBC}") = "LibPoderosa", "LibPoderosa\LibPoderosa.csproj", "{9CFCBFF0-DE8A-40B7-A390-B97B153AB160}"
EndProject
Global
	GlobalSection(SolutionConfigurationPlatforms) = preSolution
		Debug|Any CPU = Debug|Any CPU
		Release|Any CPU = Release|Any CPU
	EndGlobalSection
	GlobalSection(ProjectConfigurationPlatforms) = postSolution
		{668F4F03-ED87-4616-B25B-E4863D5946BB}.Debug|Any CPU.ActiveCfg = Debug|Any CPU
		{668F4F03-ED87-4616-B25B-E4863D5946BB}.Debug|Any CPU.Build.0 = Debug|Any CPU
		{668F4F03-ED87-4616-B25B-E4863D5946BB}.Release|Any CPU.ActiveCfg = Release|Any CPU
		{668F4F03-ED87-4616-B25B-E4863D5946BB}.Release|Any CPU.Build.0 = Release|Any CPU
		{9CFCBFF0-DE8A-40B7-A390-B97B153AB160}.Debug|Any CPU.ActiveCfg = Debug|Any CPU
		{9CFCBFF0-DE8A-40B7-A390-B97B153AB160}.Debug|Any CPU.Build.0 = Debug|Any CPU
		{9CFCBFF0-DE8A-40B7-A390-B97B153AB160}.Release|Any CPU.ActiveCfg = Release|Any CPU
		{9CFCBFF0-DE8A-40B7-A390-B97B153AB160}.Release|Any CPU.Build.0 = Release|Any CPU
	EndGlobalSection
	GlobalSection(SolutionProperties) = preSolution
		HideSolutionNode = FALSE
	EndGlobalSection
	GlobalSection(ExtensibilityGlobals) = postSolution
		SolutionGuid = {3BFDCC87-DC32-4F76-9E82-3570B186415A}
	EndGlobalSection
EndGlobal
